{
  "version": 1,
  "dependencies": {
    ".NETStandard,Version=v2.1": {
      "MinVer": {
        "type": "Direct",
        "requested": "[3.0.0, )",
        "resolved": "3.0.0",
        "contentHash": "nI92y6XDCQVS18HtP5cByo0lQtlMHcw9kgNAYjIwpmPMtRNc5rHVuPbZV5CSMAh0rJhxNDpNb/n/3R/nf+12pg=="
      },
      "Serilog": {
        "type": "Direct",
        "requested": "[2.9.0, )",
        "resolved": "2.9.0",
        "contentHash": "QzcrD33A3+CsVvwi1I5CSei67ikQnkGrw7SscgL+vZTghaC2aNYg8fiUcedXHzKJFNjgje9rBjzwYGQTKEaXaA=="
      }
    },
    "net6.0": {
      "MinVer": {
        "type": "Direct",
        "requested": "[3.0.0, )",
        "resolved": "3.0.0",
        "contentHash": "nI92y6XDCQVS18HtP5cByo0lQtlMHcw9kgNAYjIwpmPMtRNc5rHVuPbZV5CSMAh0rJhxNDpNb/n/3R/nf+12pg=="
      },
      "Serilog": {
        "type": "Direct",
        "requested": "[2.9.0, )",
        "resolved": "2.9.0",
        "contentHash": "QzcrD33A3+CsVvwi1I5CSei67ikQnkGrw7SscgL+vZTghaC2aNYg8fiUcedXHzKJFNjgje9rBjzwYGQTKEaXaA=="
      }
    }
  }
}