{
  "version": 1,
  "dependencies": {
    ".NETStandard,Version=v2.1": {
      "MinVer": {
        "type": "Direct",
        "requested": "[3.0.0, )",
        "resolved": "3.0.0",
        "contentHash": "nI92y6XDCQVS18HtP5cByo0lQtlMHcw9kgNAYjIwpmPMtRNc5rHVuPbZV5CSMAh0rJhxNDpNb/n/3R/nf+12pg=="
      },
      "Serilog": {
        "type": "Direct",
        "requested": "[2.10.0, )",
        "resolved": "2.10.0",
        "contentHash": "+QX0hmf37a0/OZLxM3wL7V6/ADvC1XihXN4Kq/p6d8lCPfgkRdiuhbWlMaFjR9Av0dy5F0+MBeDmDdRZN/YwQA=="
      }
    },
    "net6.0": {
      "MinVer": {
        "type": "Direct",
        "requested": "[3.0.0, )",
        "resolved": "3.0.0",
        "contentHash": "nI92y6XDCQVS18HtP5cByo0lQtlMHcw9kgNAYjIwpmPMtRNc5rHVuPbZV5CSMAh0rJhxNDpNb/n/3R/nf+12pg=="
      },
      "Serilog": {
        "type": "Direct",
        "requested": "[2.10.0, )",
        "resolved": "2.10.0",
        "contentHash": "+QX0hmf37a0/OZLxM3wL7V6/ADvC1XihXN4Kq/p6d8lCPfgkRdiuhbWlMaFjR9Av0dy5F0+MBeDmDdRZN/YwQA=="
      }
    }
  }
}